
Microsoft Visual Studio Solution File, Format Version 12.00
# Visual Studio Version 17
VisualStudioVersion = 17.10.35013.160
MinimumVisualStudioVersion = 10.0.40219.1
Project("{2150E333-8FDC-42A3-9474-1A3956D46DE8}") = "Frontends", "Frontends", "{B18801C5-1059-4A71-AC5D-D53D3A586D21}"
EndProject
Project("{2150E333-8FDC-42A3-9474-1A3956D46DE8}") = "IdentityServer", "IdentityServer", "{666E562C-14E5-408C-8B51-2396D067FA06}"
EndProject
Project("{2150E333-8FDC-42A3-9474-1A3956D46DE8}") = "Services", "Services", "{EBC47DBA-F804-4A8E-99EF-B7FC85F2D518}"
EndProject
Project("{2150E333-8FDC-42A3-9474-1A3956D46DE8}") = "Catalog", "Catalog", "{91A28D86-C1FF-41BA-A17D-DFB5DDD81E8E}"
EndProject
Project("{2150E333-8FDC-42A3-9474-1A3956D46DE8}") = "Basket", "Basket", "{CC3D25E2-42AA-4AE8-88FD-8ACA76EB0895}"
EndProject
Project("{2150E333-8FDC-42A3-9474-1A3956D46DE8}") = "Order", "Order", "{52CF0CF7-23C5-4C0C-B59A-1889E7424DE4}"
EndProject
Project("{2150E333-8FDC-42A3-9474-1A3956D46DE8}") = "Payment", "Payment", "{35639528-246B-4E43-8921-E2567D28638C}"
EndProject
Project("{2150E333-8FDC-42A3-9474-1A3956D46DE8}") = "Delivery", "Delivery", "{F41485AA-AE33-47E4-89F7-1ED0F47D9903}"
EndProject
Project("{2150E333-8FDC-42A3-9474-1A3956D46DE8}") = "Comment", "Comment", "{9C867DD5-53B7-4DBC-8F1F-E99D3821A851}"
EndProject
Project("{9A19103F-16F7-4668-BE54-9A1E7A4F7556}") = "TakeAway.Catalog", "Services\Catalog\TakeAway.Catalog\TakeAway.Catalog.csproj", "{FCF496A6-797E-42CF-95A7-A9A61640D8CF}"
EndProject
Project("{2150E333-8FDC-42A3-9474-1A3956D46DE8}") = "Discount", "Discount", "{53C981B5-4FE0-4227-84C8-B772799B5662}"
EndProject
Project("{9A19103F-16F7-4668-BE54-9A1E7A4F7556}") = "TakeAway.Discount", "Services\Discount\TakeAway.Discount\TakeAway.Discount.csproj", "{42CECF82-C4F2-478E-A127-D110154F130F}"
EndProject
Project("{9A19103F-16F7-4668-BE54-9A1E7A4F7556}") = "TakeAway.IdentityServer", "IdentityServer\TakeAway.IdentityServer\TakeAway.IdentityServer.csproj", "{060099E4-F29C-4360-B5D8-B3726A8320CC}"
EndProject
Project("{2150E333-8FDC-42A3-9474-1A3956D46DE8}") = "Core", "Core", "{3AEF240A-4D3E-4375-851F-888BA8BE0018}"
EndProject
Project("{2150E333-8FDC-42A3-9474-1A3956D46DE8}") = "Infrastructure", "Infrastructure", "{0171E1D8-6E4B-4083-A2F5-DAB966A1DD09}"
EndProject
Project("{2150E333-8FDC-42A3-9474-1A3956D46DE8}") = "Presentation", "Presentation", "{F823AED2-5FF1-4164-BDBD-6379E478F38F}"
EndProject
Project("{9A19103F-16F7-4668-BE54-9A1E7A4F7556}") = "TakeAway.Order.Application", "Order\Core\TakeAway.Order.Application\TakeAway.Order.Application.csproj", "{5ED722EF-B150-4113-8408-80842030E6FB}"
EndProject
Project("{9A19103F-16F7-4668-BE54-9A1E7A4F7556}") = "TakeAway.Order.Domain", "Order\Core\TakeAway.Order.Domain\TakeAway.Order.Domain.csproj", "{7FD62182-5C45-456E-B975-DFA271FBECA5}"
EndProject
Project("{9A19103F-16F7-4668-BE54-9A1E7A4F7556}") = "TakeAway.Order.Persistence", "Services\Order\Infrastructure\TakeAway.Order.Persistence\TakeAway.Order.Persistence.csproj", "{DD52F68F-3AFB-4DE8-9979-64F1AC58637D}"
EndProject
Project("{9A19103F-16F7-4668-BE54-9A1E7A4F7556}") = "TakeAway.Order.Presentation", "Services\Order\Presentation\TakeAway.Order.Presentation\TakeAway.Order.Presentation.csproj", "{C08DE51A-F2BA-44BC-AC7A-C74F6CB631AD}"
EndProject
Project("{9A19103F-16F7-4668-BE54-9A1E7A4F7556}") = "TakeAway.Basket", "Services\Basket\TakeAway.Basket\TakeAway.Basket.csproj", "{310C9F36-057B-4FD1-A09C-C94393D8C480}"
EndProject
Project("{FAE04EC0-301F-11D3-BF4B-00C04F79EFBC}") = "TakeAway.Comment", "Services\Comment\TakeAway.Comment\TakeAway.Comment.csproj", "{13DAF813-3543-46B8-BC47-58E79AE9723E}"
EndProject
Global
	GlobalSection(SolutionConfigurationPlatforms) = preSolution
		Debug|Any CPU = Debug|Any CPU
		Release|Any CPU = Release|Any CPU
	EndGlobalSection
	GlobalSection(ProjectConfigurationPlatforms) = postSolution
		{FCF496A6-797E-42CF-95A7-A9A61640D8CF}.Debug|Any CPU.ActiveCfg = Debug|Any CPU
		{FCF496A6-797E-42CF-95A7-A9A61640D8CF}.Debug|Any CPU.Build.0 = Debug|Any CPU
		{FCF496A6-797E-42CF-95A7-A9A61640D8CF}.Release|Any CPU.ActiveCfg = Release|Any CPU
		{FCF496A6-797E-42CF-95A7-A9A61640D8CF}.Release|Any CPU.Build.0 = Release|Any CPU
		{42CECF82-C4F2-478E-A127-D110154F130F}.Debug|Any CPU.ActiveCfg = Debug|Any CPU
		{42CECF82-C4F2-478E-A127-D110154F130F}.Debug|Any CPU.Build.0 = Debug|Any CPU
		{42CECF82-C4F2-478E-A127-D110154F130F}.Release|Any CPU.ActiveCfg = Release|Any CPU
		{42CECF82-C4F2-478E-A127-D110154F130F}.Release|Any CPU.Build.0 = Release|Any CPU
		{060099E4-F29C-4360-B5D8-B3726A8320CC}.Debug|Any CPU.ActiveCfg = Debug|Any CPU
		{060099E4-F29C-4360-B5D8-B3726A8320CC}.Debug|Any CPU.Build.0 = Debug|Any CPU
		{060099E4-F29C-4360-B5D8-B3726A8320CC}.Release|Any CPU.ActiveCfg = Release|Any CPU
		{060099E4-F29C-4360-B5D8-B3726A8320CC}.Release|Any CPU.Build.0 = Release|Any CPU
		{5ED722EF-B150-4113-8408-80842030E6FB}.Debug|Any CPU.ActiveCfg = Debug|Any CPU
		{5ED722EF-B150-4113-8408-80842030E6FB}.Debug|Any CPU.Build.0 = Debug|Any CPU
		{5ED722EF-B150-4113-8408-80842030E6FB}.Release|Any CPU.ActiveCfg = Release|Any CPU
		{5ED722EF-B150-4113-8408-80842030E6FB}.Release|Any CPU.Build.0 = Release|Any CPU
		{7FD62182-5C45-456E-B975-DFA271FBECA5}.Debug|Any CPU.ActiveCfg = Debug|Any CPU
		{7FD62182-5C45-456E-B975-DFA271FBECA5}.Debug|Any CPU.Build.0 = Debug|Any CPU
		{7FD62182-5C45-456E-B975-DFA271FBECA5}.Release|Any CPU.ActiveCfg = Release|Any CPU
		{7FD62182-5C45-456E-B975-DFA271FBECA5}.Release|Any CPU.Build.0 = Release|Any CPU
		{DD52F68F-3AFB-4DE8-9979-64F1AC58637D}.Debug|Any CPU.ActiveCfg = Debug|Any CPU
		{DD52F68F-3AFB-4DE8-9979-64F1AC58637D}.Debug|Any CPU.Build.0 = Debug|Any CPU
		{DD52F68F-3AFB-4DE8-9979-64F1AC58637D}.Release|Any CPU.ActiveCfg = Release|Any CPU
		{DD52F68F-3AFB-4DE8-9979-64F1AC58637D}.Release|Any CPU.Build.0 = Release|Any CPU
		{C08DE51A-F2BA-44BC-AC7A-C74F6CB631AD}.Debug|Any CPU.ActiveCfg = Debug|Any CPU
		{C08DE51A-F2BA-44BC-AC7A-C74F6CB631AD}.Debug|Any CPU.Build.0 = Debug|Any CPU
		{C08DE51A-F2BA-44BC-AC7A-C74F6CB631AD}.Release|Any CPU.ActiveCfg = Release|Any CPU
		{C08DE51A-F2BA-44BC-AC7A-C74F6CB631AD}.Release|Any CPU.Build.0 = Release|Any CPU
		{310C9F36-057B-4FD1-A09C-C94393D8C480}.Debug|Any CPU.ActiveCfg = Debug|Any CPU
		{310C9F36-057B-4FD1-A09C-C94393D8C480}.Debug|Any CPU.Build.0 = Debug|Any CPU
		{310C9F36-057B-4FD1-A09C-C94393D8C480}.Release|Any CPU.ActiveCfg = Release|Any CPU
		{310C9F36-057B-4FD1-A09C-C94393D8C480}.Release|Any CPU.Build.0 = Release|Any CPU
		{13DAF813-3543-46B8-BC47-58E79AE9723E}.Debug|Any CPU.ActiveCfg = Debug|Any CPU
		{13DAF813-3543-46B8-BC47-58E79AE9723E}.Debug|Any CPU.Build.0 = Debug|Any CPU
		{13DAF813-3543-46B8-BC47-58E79AE9723E}.Release|Any CPU.ActiveCfg = Release|Any CPU
		{13DAF813-3543-46B8-BC47-58E79AE9723E}.Release|Any CPU.Build.0 = Release|Any CPU
	EndGlobalSection
	GlobalSection(SolutionProperties) = preSolution
		HideSolutionNode = FALSE
	EndGlobalSection
	GlobalSection(NestedProjects) = preSolution
		{91A28D86-C1FF-41BA-A17D-DFB5DDD81E8E} = {EBC47DBA-F804-4A8E-99EF-B7FC85F2D518}
		{CC3D25E2-42AA-4AE8-88FD-8ACA76EB0895} = {EBC47DBA-F804-4A8E-99EF-B7FC85F2D518}
		{52CF0CF7-23C5-4C0C-B59A-1889E7424DE4} = {EBC47DBA-F804-4A8E-99EF-B7FC85F2D518}
		{35639528-246B-4E43-8921-E2567D28638C} = {EBC47DBA-F804-4A8E-99EF-B7FC85F2D518}
		{F41485AA-AE33-47E4-89F7-1ED0F47D9903} = {EBC47DBA-F804-4A8E-99EF-B7FC85F2D518}
		{9C867DD5-53B7-4DBC-8F1F-E99D3821A851} = {EBC47DBA-F804-4A8E-99EF-B7FC85F2D518}
		{FCF496A6-797E-42CF-95A7-A9A61640D8CF} = {91A28D86-C1FF-41BA-A17D-DFB5DDD81E8E}
		{53C981B5-4FE0-4227-84C8-B772799B5662} = {EBC47DBA-F804-4A8E-99EF-B7FC85F2D518}
		{42CECF82-C4F2-478E-A127-D110154F130F} = {53C981B5-4FE0-4227-84C8-B772799B5662}
		{060099E4-F29C-4360-B5D8-B3726A8320CC} = {666E562C-14E5-408C-8B51-2396D067FA06}
		{3AEF240A-4D3E-4375-851F-888BA8BE0018} = {52CF0CF7-23C5-4C0C-B59A-1889E7424DE4}
		{0171E1D8-6E4B-4083-A2F5-DAB966A1DD09} = {52CF0CF7-23C5-4C0C-B59A-1889E7424DE4}
		{F823AED2-5FF1-4164-BDBD-6379E478F38F} = {52CF0CF7-23C5-4C0C-B59A-1889E7424DE4}
		{5ED722EF-B150-4113-8408-80842030E6FB} = {3AEF240A-4D3E-4375-851F-888BA8BE0018}
		{7FD62182-5C45-456E-B975-DFA271FBECA5} = {3AEF240A-4D3E-4375-851F-888BA8BE0018}
		{DD52F68F-3AFB-4DE8-9979-64F1AC58637D} = {0171E1D8-6E4B-4083-A2F5-DAB966A1DD09}
		{C08DE51A-F2BA-44BC-AC7A-C74F6CB631AD} = {F823AED2-5FF1-4164-BDBD-6379E478F38F}
		{310C9F36-057B-4FD1-A09C-C94393D8C480} = {CC3D25E2-42AA-4AE8-88FD-8ACA76EB0895}
		{13DAF813-3543-46B8-BC47-58E79AE9723E} = {9C867DD5-53B7-4DBC-8F1F-E99D3821A851}
	EndGlobalSection
	GlobalSection(ExtensibilityGlobals) = postSolution
		SolutionGuid = {1191826E-F4AA-4789-A702-C1D24747AB93}
	EndGlobalSection
EndGlobal
